// !$*UTF8*$!
{
	archiveVersion = 1;
	classes = {
	};
	objectVersion = 46;
	objects = {

/* Begin PBXBuildFile section */
		9517E7541A29A893009CDBF6 /* InputValid.m in Sources */ = {isa = PBXBuildFile; fileRef = 9517E7531A29A893009CDBF6 /* InputValid.m */; };
		953CE1A81A21BE5F0045DE75 /* Converter.m in Sources */ = {isa = PBXBuildFile; fileRef = 953CE1A71A21BE5F0045DE75 /* Converter.m */; };
		955D193F1A1FE35200EEBE4E /* main.m in Sources */ = {isa = PBXBuildFile; fileRef = 955D193E1A1FE35200EEBE4E /* main.m */; };
		955D19421A1FE35200EEBE4E /* AppDelegate.m in Sources */ = {isa = PBXBuildFile; fileRef = 955D19411A1FE35200EEBE4E /* AppDelegate.m */; };
		955D19451A1FE35200EEBE4E /* ViewController.m in Sources */ = {isa = PBXBuildFile; fileRef = 955D19441A1FE35200EEBE4E /* ViewController.m */; };
		955D19481A1FE35200EEBE4E /* Main.storyboard in Resources */ = {isa = PBXBuildFile; fileRef = 955D19461A1FE35200EEBE4E /* Main.storyboard */; };
		955D194A1A1FE35200EEBE4E /* Images.xcassets in Resources */ = {isa = PBXBuildFile; fileRef = 955D19491A1FE35200EEBE4E /* Images.xcassets */; };
		955D194D1A1FE35200EEBE4E /* LaunchScreen.xib in Resources */ = {isa = PBXBuildFile; fileRef = 955D194B1A1FE35200EEBE4E /* LaunchScreen.xib */; };
		955D19591A1FE35200EEBE4E /* BinaryConverteriOSAppTests.m in Sources */ = {isa = PBXBuildFile; fileRef = 955D19581A1FE35200EEBE4E /* BinaryConverteriOSAppTests.m */; };
/* End PBXBuildFile section */

/* Begin PBXContainerItemProxy section */
		955D19531A1FE35200EEBE4E /* PBXContainerItemProxy */ = {
			isa = PBXContainerItemProxy;
			containerPortal = 955D19311A1FE35200EEBE4E /* Project object */;
			proxyType = 1;
			remoteGlobalIDString = 955D19381A1FE35200EEBE4E;
			remoteInfo = BinaryConverteriOSApp;
		};
/* End PBXContainerItemProxy section */

/* Begin PBXFileReference section */
		9517E7531A29A893009CDBF6 /* InputValid.m */ = {isa = PBXFileReference; fileEncoding = 4; lastKnownFileType = sourcecode.c.objc; path = InputValid.m; sourceTree = "<group>"; };
		9517E7551A29A89F009CDBF6 /* InputValid.h */ = {isa = PBXFileReference; lastKnownFileType = sourcecode.c.h; path = InputValid.h; sourceTree = "<group>"; };
		953CE1A61A21BDFC0045DE75 /* Converter.h */ = {isa = PBXFileReference; lastKnownFileType = sourcecode.c.h; path = Converter.h; sourceTree = "<group>"; };
		953CE1A71A21BE5F0045DE75 /* Converter.m */ = {isa = PBXFileReference; fileEncoding = 4; lastKnownFileType = sourcecode.c.objc; path = Converter.m; sourceTree = "<group>"; };
		955D19391A1FE35200EEBE4E /* BinaryConverteriOSApp.app */ = {isa = PBXFileReference; explicitFileType = wrapper.application; includeInIndex = 0; path = BinaryConverteriOSApp.app; sourceTree = BUILT_PRODUCTS_DIR; };
		955D193D1A1FE35200EEBE4E /* Info.plist */ = {isa = PBXFileReference; lastKnownFileType = text.plist.xml; path = Info.plist; sourceTree = "<group>"; };
		955D193E1A1FE35200EEBE4E /* main.m */ = {isa = PBXFileReference; lastKnownFileType = sourcecode.c.objc; path = main.m; sourceTree = "<group>"; };
		955D19401A1FE35200EEBE4E /* AppDelegate.h */ = {isa = PBXFileReference; lastKnownFileType = sourcecode.c.h; path = AppDelegate.h; sourceTree = "<group>"; };
		955D19411A1FE35200EEBE4E /* AppDelegate.m */ = {isa = PBXFileReference; lastKnownFileType = sourcecode.c.objc; path = AppDelegate.m; sourceTree = "<group>"; };
		955D19431A1FE35200EEBE4E /* ViewController.h */ = {isa = PBXFileReference; lastKnownFileType = sourcecode.c.h; path = ViewController.h; sourceTree = "<group>"; };
		955D19441A1FE35200EEBE4E /* ViewController.m */ = {isa = PBXFileReference; lastKnownFileType = sourcecode.c.objc; path = ViewController.m; sourceTree = "<group>"; };
		955D19471A1FE35200EEBE4E /* Base */ = {isa = PBXFileReference; lastKnownFileType = file.storyboard; name = Base; path = Base.lproj/Main.storyboard; sourceTree = "<group>"; };
		955D19491A1FE35200EEBE4E /* Images.xcassets */ = {isa = PBXFileReference; lastKnownFileType = folder.assetcatalog; path = Images.xcassets; sourceTree = "<group>"; };
		955D194C1A1FE35200EEBE4E /* Base */ = {isa = PBXFileReference; lastKnownFileType = file.xib; name = Base; path = Base.lproj/LaunchScreen.xib; sourceTree = "<group>"; };
		955D19521A1FE35200EEBE4E /* BinaryConverteriOSAppTests.xctest */ = {isa = PBXFileReference; explicitFileType = wrapper.cfbundle; includeInIndex = 0; path = BinaryConverteriOSAppTests.xctest; sourceTree = BUILT_PRODUCTS_DIR; };
		955D19571A1FE35200EEBE4E /* Info.plist */ = {isa = PBXFileReference; lastKnownFileType = text.plist.xml; path = Info.plist; sourceTree = "<group>"; };
		955D19581A1FE35200EEBE4E /* BinaryConverteriOSAppTests.m */ = {isa = PBXFileReference; lastKnownFileType = sourcecode.c.objc; path = BinaryConverteriOSAppTests.m; sourceTree = "<group>"; };
/* End PBXFileReference section */

/* Begin PBXFrameworksBuildPhase section */
		955D19361A1FE35200EEBE4E /* Frameworks */ = {
			isa = PBXFrameworksBuildPhase;
			buildActionMask = 2147483647;
			files = (
			);
			runOnlyForDeploymentPostprocessing = 0;
		};
		955D194F1A1FE35200EEBE4E /* Frameworks */ = {
			isa = PBXFrameworksBuildPhase;
			buildActionMask = 2147483647;
			files = (
			);
			runOnlyForDeploymentPostprocessing = 0;
		};
/* End PBXFrameworksBuildPhase section */

/* Begin PBXGroup section */
		955D19301A1FE35200EEBE4E = {
			isa = PBXGroup;
			children = (
				955D193B1A1FE35200EEBE4E /* BinaryConverteriOSApp */,
				955D19551A1FE35200EEBE4E /* BinaryConverteriOSAppTests */,
				955D193A1A1FE35200EEBE4E /* Products */,
			);
			sourceTree = "<group>";
		};
		955D193A1A1FE35200EEBE4E /* Products */ = {
			isa = PBXGroup;
			children = (
				955D19391A1FE35200EEBE4E /* BinaryConverteriOSApp.app */,
				955D19521A1FE35200EEBE4E /* BinaryConverteriOSAppTests.xctest */,
			);
			name = Products;
			sourceTree = "<group>";
		};
		955D193B1A1FE35200EEBE4E /* BinaryConverteriOSApp */ = {
			isa = PBXGroup;
			children = (
				955D19401A1FE35200EEBE4E /* AppDelegate.h */,
				955D19411A1FE35200EEBE4E /* AppDelegate.m */,
				955D19431A1FE35200EEBE4E /* ViewController.h */,
				955D19441A1FE35200EEBE4E /* ViewController.m */,
				9517E7551A29A89F009CDBF6 /* InputValid.h */,
				9517E7531A29A893009CDBF6 /* InputValid.m */,
				953CE1A61A21BDFC0045DE75 /* Converter.h */,
				953CE1A71A21BE5F0045DE75 /* Converter.m */,
				955D19461A1FE35200EEBE4E /* Main.storyboard */,
				955D19491A1FE35200EEBE4E /* Images.xcassets */,
				955D194B1A1FE35200EEBE4E /* LaunchScreen.xib */,
				955D193C1A1FE35200EEBE4E /* Supporting Files */,
			);
			path = BinaryConverteriOSApp;
			sourceTree = "<group>";
		};
		955D193C1A1FE35200EEBE4E /* Supporting Files */ = {
			isa = PBXGroup;
			children = (
				955D193D1A1FE35200EEBE4E /* Info.plist */,
				955D193E1A1FE35200EEBE4E /* main.m */,
			);
			name = "Supporting Files";
			sourceTree = "<group>";
		};
		955D19551A1FE35200EEBE4E /* BinaryConverteriOSAppTests */ = {
			isa = PBXGroup;
			children = (
				955D19581A1FE35200EEBE4E /* BinaryConverteriOSAppTests.m */,
				955D19561A1FE35200EEBE4E /* Supporting Files */,
			);
			path = BinaryConverteriOSAppTests;
			sourceTree = "<group>";
		};
		955D19561A1FE35200EEBE4E /* Supporting Files */ = {
			isa = PBXGroup;
			children = (
				955D19571A1FE35200EEBE4E /* Info.plist */,
			);
			name = "Supporting Files";
			sourceTree = "<group>";
		};
/* End PBXGroup section */

/* Begin PBXNativeTarget section */
		955D19381A1FE35200EEBE4E /* BinaryConverteriOSApp */ = {
			isa = PBXNativeTarget;
			buildConfigurationList = 955D195C1A1FE35200EEBE4E /* Build configuration list for PBXNativeTarget "BinaryConverteriOSApp" */;
			buildPhases = (
				955D19351A1FE35200EEBE4E /* Sources */,
				955D19361A1FE35200EEBE4E /* Frameworks */,
				955D19371A1FE35200EEBE4E /* Resources */,
			);
			buildRules = (
			);
			dependencies = (
			);
			name = BinaryConverteriOSApp;
			productName = BinaryConverteriOSApp;
			productReference = 955D19391A1FE35200EEBE4E /* BinaryConverteriOSApp.app */;
			productType = "com.apple.product-type.application";
		};
		955D19511A1FE35200EEBE4E /* BinaryConverteriOSAppTests */ = {
			isa = PBXNativeTarget;
			buildConfigurationList = 955D195F1A1FE35200EEBE4E /* Build configuration list for PBXNativeTarget "BinaryConverteriOSAppTests" */;
			buildPhases = (
				955D194E1A1FE35200EEBE4E /* Sources */,
				955D194F1A1FE35200EEBE4E /* Frameworks */,
				955D19501A1FE35200EEBE4E /* Resources */,
			);
			buildRules = (
			);
			dependencies = (
				955D19541A1FE35200EEBE4E /* PBXTargetDependency */,
			);
			name = BinaryConverteriOSAppTests;
			productName = BinaryConverteriOSAppTests;
			productReference = 955D19521A1FE35200EEBE4E /* BinaryConverteriOSAppTests.xctest */;
			productType = "com.apple.product-type.bundle.unit-test";
		};
/* End PBXNativeTarget section */

/* Begin PBXProject section */
		955D19311A1FE35200EEBE4E /* Project object */ = {
			isa = PBXProject;
			attributes = {
				LastUpgradeCheck = 0610;
				ORGANIZATIONNAME = MattChupp;
				TargetAttributes = {
					955D19381A1FE35200EEBE4E = {
						CreatedOnToolsVersion = 6.1;
					};
					955D19511A1FE35200EEBE4E = {
						CreatedOnToolsVersion = 6.1;
						TestTargetID = 955D19381A1FE35200EEBE4E;
					};
				};
			};
			buildConfigurationList = 955D19341A1FE35200EEBE4E /* Build configuration list for PBXProject "BinaryConverteriOSApp" */;
			compatibilityVersion = "Xcode 3.2";
			developmentRegion = English;
			hasScannedForEncodings = 0;
			knownRegions = (
				en,
				Base,
			);
			mainGroup = 955D19301A1FE35200EEBE4E;
			productRefGroup = 955D193A1A1FE35200EEBE4E /* Products */;
			projectDirPath = "";
			projectRoot = "";
			targets = (
				955D19381A1FE35200EEBE4E /* BinaryConverteriOSApp */,
				955D19511A1FE35200EEBE4E /* BinaryConverteriOSAppTests */,
			);
		};
/* End PBXProject section */

/* Begin PBXResourcesBuildPhase section */
		955D19371A1FE35200EEBE4E /* Resources */ = {
			isa = PBXResourcesBuildPhase;
			buildActionMask = 2147483647;
			files = (
				955D19481A1FE35200EEBE4E /* Main.storyboard in Resources */,
				955D194D1A1FE35200EEBE4E /* LaunchScreen.xib in Resources */,
				955D194A1A1FE35200EEBE4E /* Images.xcassets in Resources */,
			);
			runOnlyForDeploymentPostprocessing = 0;
		};
		955D19501A1FE35200EEBE4E /* Resources */ = {
			isa = PBXResourcesBuildPhase;
			buildActionMask = 2147483647;
			files = (
			);
			runOnlyForDeploymentPostprocessing = 0;
		};
/* End PBXResourcesBuildPhase section */

/* Begin PBXSourcesBuildPhase section */
		955D19351A1FE35200EEBE4E /* Sources */ = {
			isa = PBXSourcesBuildPhase;
			buildActionMask = 2147483647;
			files = (
				955D19451A1FE35200EEBE4E /* ViewController.m in Sources */,
				955D19421A1FE35200EEBE4E /* AppDelegate.m in Sources */,
				9517E7541A29A893009CDBF6 /* InputValid.m in Sources */,
				953CE1A81A21BE5F0045DE75 /* Converter.m in Sources */,
				955D193F1A1FE35200EEBE4E /* main.m in Sources */,
			);
			runOnlyForDeploymentPostprocessing = 0;
		};
		955D194E1A1FE35200EEBE4E /* Sources */ = {
			isa = PBXSourcesBuildPhase;
			buildActionMask = 2147483647;
			files = (
				955D19591A1FE35200EEBE4E /* BinaryConverteriOSAppTests.m in Sources */,
			);
			runOnlyForDeploymentPostprocessing = 0;
		};
/* End PBXSourcesBuildPhase section */

/* Begin PBXTargetDependency section */
		955D19541A1FE35200EEBE4E /* PBXTargetDependency */ = {
			isa = PBXTargetDependency;
			target = 955D19381A1FE35200EEBE4E /* BinaryConverteriOSApp */;
			targetProxy = 955D19531A1FE35200EEBE4E /* PBXContainerItemProxy */;
		};
/* End PBXTargetDependency section */

/* Begin PBXVariantGroup section */
		955D19461A1FE35200EEBE4E /* Main.storyboard */ = {
			isa = PBXVariantGroup;
			children = (
				955D19471A1FE35200EEBE4E /* Base */,
			);
			name = Main.storyboard;
			sourceTree = "<group>";
		};
		955D194B1A1FE35200EEBE4E /* LaunchScreen.xib */ = {
			isa = PBXVariantGroup;
			children = (
				955D194C1A1FE35200EEBE4E /* Base */,
			);
			name = LaunchScreen.xib;
			sourceTree = "<group>";
		};
/* End PBXVariantGroup section */

/* Begin XCBuildConfiguration section */
		955D195A1A1FE35200EEBE4E /* Debug */ = {
			isa = XCBuildConfiguration;
			buildSettings = {
				ALWAYS_SEARCH_USER_PATHS = NO;
				CLANG_CXX_LANGUAGE_STANDARD = "gnu++0x";
				CLANG_CXX_LIBRARY = "libc++";
				CLANG_ENABLE_MODULES = YES;
				CLANG_ENABLE_OBJC_ARC = YES;
				CLANG_WARN_BOOL_CONVERSION = YES;
				CLANG_WARN_CONSTANT_CONVERSION = YES;
				CLANG_WARN_DIRECT_OBJC_ISA_USAGE = YES_ERROR;
				CLANG_WARN_EMPTY_BODY = YES;
				CLANG_WARN_ENUM_CONVERSION = YES;
				CLANG_WARN_INT_CONVERSION = YES;
				CLANG_WARN_OBJC_ROOT_CLASS = YES_ERROR;
				CLANG_WARN_UNREACHABLE_CODE = YES;
				CLANG_WARN__DUPLICATE_METHOD_MATCH = YES;
				"CODE_SIGN_IDENTITY[sdk=iphoneos*]" = "iPhone Developer";
				COPY_PHASE_STRIP = NO;
				ENABLE_STRICT_OBJC_MSGSEND = YES;
				GCC_C_LANGUAGE_STANDARD = gnu99;
				GCC_DYNAMIC_NO_PIC = NO;
				GCC_OPTIMIZATION_LEVEL = 0;
				GCC_PREPROCESSOR_DEFINITIONS = (
					"DEBUG=1",
					"$(inherited)",
				);
				GCC_SYMBOLS_PRIVATE_EXTERN = NO;
				GCC_WARN_64_TO_32_BIT_CONVERSION = YES;
				GCC_WARN_ABOUT_RETURN_TYPE = YES_ERROR;
				GCC_WARN_UNDECLARED_SELECTOR = YES;
				GCC_WARN_UNINITIALIZED_AUTOS = YES_AGGRESSIVE;
				GCC_WARN_UNUSED_FUNCTION = YES;
				GCC_WARN_UNUSED_VARIABLE = YES;
				IPHONEOS_DEPLOYMENT_TARGET = 8.1;
				MTL_ENABLE_DEBUG_INFO = YES;
				ONLY_ACTIVE_ARCH = YES;
				SDKROOT = iphoneos;
			};
			name = Debug;
		};
		955D195B1A1FE35200EEBE4E /* Release */ = {
			isa = XCBuildConfiguration;
			buildSettings = {
				ALWAYS_SEARCH_USER_PATHS = NO;
				CLANG_CXX_LANGUAGE_STANDARD = "gnu++0x";
				CLANG_CXX_LIBRARY = "libc++";
				CLANG_ENABLE_MODULES = YES;
				CLANG_ENABLE_OBJC_ARC = YES;
				CLANG_WARN_BOOL_CONVERSION = YES;
				CLANG_WARN_CONSTANT_CONVERSION = YES;
				CLANG_WARN_DIRECT_OBJC_ISA_USAGE = YES_ERROR;
				CLANG_WARN_EMPTY_BODY = YES;
				CLANG_WARN_ENUM_CONVERSION = YES;
				CLANG_WARN_INT_CONVERSION = YES;
				CLANG_WARN_OBJC_ROOT_CLASS = YES_ERROR;
				CLANG_WARN_UNREACHABLE_CODE = YES;
				CLANG_WARN__DUPLICATE_METHOD_MATCH = YES;
				"CODE_SIGN_IDENTITY[sdk=iphoneos*]" = "iPhone Developer";
				COPY_PHASE_STRIP = YES;
				ENABLE_NS_ASSERTIONS = NO;
				ENABLE_STRICT_OBJC_MSGSEND = YES;
				GCC_C_LANGUAGE_STANDARD = gnu99;
				GCC_WARN_64_TO_32_BIT_CONVERSION = YES;
				GCC_WARN_ABOUT_RETURN_TYPE = YES_ERROR;
				GCC_WARN_UNDECLARED_SELECTOR = YES;
				GCC_WARN_UNINITIALIZED_AUTOS = YES_AGGRESSIVE;
				GCC_WARN_UNUSED_FUNCTION = YES;
				GCC_WARN_UNUSED_VARIABLE = YES;
				IPHONEOS_DEPLOYMENT_TARGET = 8.1;
				MTL_ENABLE_DEBUG_INFO = NO;
				SDKROOT = iphoneos;
				VALIDATE_PRODUCT = YES;
			};
			name = Release;
		};
		955D195D1A1FE35200EEBE4E /* Debug */ = {
			isa = XCBuildConfiguration;
			buildSettings = {
				ASSETCATALOG_COMPILER_APPICON_NAME = AppIcon;
				INFOPLIST_FILE = BinaryConverteriOSApp/Info.plist;
				LD_RUNPATH_SEARCH_PATHS = "$(inherited) @executable_path/Frameworks";
				PRODUCT_NAME = "$(TARGET_NAME)";
			};
			name = Debug;
		};
		955D195E1A1FE35200EEBE4E /* Release */ = {
			isa = XCBuildConfiguration;
			buildSettings = {
				ASSETCATALOG_COMPILER_APPICON_NAME = AppIcon;
				INFOPLIST_FILE = BinaryConverteriOSApp/Info.plist;
				LD_RUNPATH_SEARCH_PATHS = "$(inherited) @executable_path/Frameworks";
				PRODUCT_NAME = "$(TARGET_NAME)";
			};
			name = Release;
		};
		955D19601A1FE35200EEBE4E /* Debug */ = {
			isa = XCBuildConfiguration;
			buildSettings = {
				BUNDLE_LOADER = "$(TEST_HOST)";
				FRAMEWORK_SEARCH_PATHS = (
					"$(SDKROOT)/Developer/Library/Frameworks",
					"$(inherited)",
				);
				GCC_PREPROCESSOR_DEFINITIONS = (
					"DEBUG=1",
					"$(inherited)",
				);
				INFOPLIST_FILE = BinaryConverteriOSAppTests/Info.plist;
				LD_RUNPATH_SEARCH_PATHS = "$(inherited) @executable_path/Frameworks @loader_path/Frameworks";
				PRODUCT_NAME = "$(TARGET_NAME)";
				TEST_HOST = "$(BUILT_PRODUCTS_DIR)/BinaryConverteriOSApp.app/BinaryConverteriOSApp";
			};
			name = Debug;
		};
		955D19611A1FE35200EEBE4E /* Release */ = {
			isa = XCBuildConfiguration;
			buildSettings = {
				BUNDLE_LOADER = "$(TEST_HOST)";
				FRAMEWORK_SEARCH_PATHS = (
					"$(SDKROOT)/Developer/Library/Frameworks",
					"$(inherited)",
				);
				INFOPLIST_FILE = BinaryConverteriOSAppTests/Info.plist;
				LD_RUNPATH_SEARCH_PATHS = "$(inherited) @executable_path/Frameworks @loader_path/Frameworks";
				PRODUCT_NAME = "$(TARGET_NAME)";
				TEST_HOST = "$(BUILT_PRODUCTS_DIR)/BinaryConverteriOSApp.app/BinaryConverteriOSApp";
			};
			name = Release;
		};
/* End XCBuildConfiguration section */

/* Begin XCConfigurationList section */
		955D19341A1FE35200EEBE4E /* Build configuration list for PBXProject "BinaryConverteriOSApp" */ = {
			isa = XCConfigurationList;
			buildConfigurations = (
				955D195A1A1FE35200EEBE4E /* Debug */,
				955D195B1A1FE35200EEBE4E /* Release */,
			);
			defaultConfigurationIsVisible = 0;
			defaultConfigurationName = Release;
		};
		955D195C1A1FE35200EEBE4E /* Build configuration list for PBXNativeTarget "BinaryConverteriOSApp" */ = {
			isa = XCConfigurationList;
			buildConfigurations = (
				955D195D1A1FE35200EEBE4E /* Debug */,
				955D195E1A1FE35200EEBE4E /* Release */,
			);
			defaultConfigurationIsVisible = 0;
			defaultConfigurationName = Release;
		};
		955D195F1A1FE35200EEBE4E /* Build configuration list for PBXNativeTarget "BinaryConverteriOSAppTests" */ = {
			isa = XCConfigurationList;
			buildConfigurations = (
				955D19601A1FE35200EEBE4E /* Debug */,
				955D19611A1FE35200EEBE4E /* Release */,
			);
			defaultConfigurationIsVisible = 0;
			defaultConfigurationName = Release;
		};
/* End XCConfigurationList section */
	};
	rootObject = 955D19311A1FE35200EEBE4E /* Project object */;
}
